<?xml version="1.0" encoding="utf-8"?>
<Project ToolsVersion="4.0" xmlns="http://schemas.microsoft.com/developer/msbuild/2003">
  <ItemGroup>
    <Filter Include="src">
      <UniqueIdentifier>{8209f48b-102c-49ce-b4fd-b8981bb794ac}</UniqueIdentifier>
    </Filter>
    <Filter Include="src\platform">
      <UniqueIdentifier>{77c42ad2-bc75-4fae-9648-cc515073ec50}</UniqueIdentifier>
    </Filter>
    <Filter Include="src\bb">
      <UniqueIdentifier>{22e7b69d-42a1-4132-a776-4e97d1598c6f}</UniqueIdentifier>
    </Filter>
    <Filter Include="src\graphics">
      <UniqueIdentifier>{0dd21c93-6669-4632-9fce-8cea093abe5d}</UniqueIdentifier>
    </Filter>
    <Filter Include="src\imgui">
      <UniqueIdentifier>{e37fee79-3eec-4700-a1ed-6a6e0bdcd5a4}</UniqueIdentifier>
    </Filter>
    <Filter Include="src\world">
      <UniqueIdentifier>{14e4f15a-e3d1-4696-a5f5-33ebe0140835}</UniqueIdentifier>
    </Filter>
    <Filter Include="src\stb">
      <UniqueIdentifier>{a5316fe5-f747-44e4-aaa3-6a18fd1082a9}</UniqueIdentifier>
    </Filter>
    <Filter Include="src\editor">
      <UniqueIdentifier>{91532e87-f5f6-4a81-8a70-47670181bab7}</UniqueIdentifier>
    </Filter>
  </ItemGroup>
  <ItemGroup>
    <ClCompile Include="src\main.cpp">
      <Filter>src</Filter>
    </ClCompile>
    <ClCompile Include="src\platform\window.cpp">
      <Filter>src\platform</Filter>
    </ClCompile>
    <ClCompile Include="src\graphics\shader.cpp">
      <Filter>src\graphics</Filter>
    </ClCompile>
    <ClCompile Include="src\imgui\imgui.cpp">
      <Filter>src\imgui</Filter>
    </ClCompile>
    <ClCompile Include="src\imgui\imgui_draw.cpp">
      <Filter>src\imgui</Filter>
    </ClCompile>
    <ClCompile Include="src\imgui\imgui_impl_sdl_gl3.cpp">
      <Filter>src\imgui</Filter>
    </ClCompile>
    <ClCompile Include="src\world\chunk.cpp">
      <Filter>src\world</Filter>
    </ClCompile>
    <ClCompile Include="src\graphics\texture.cpp">
      <Filter>src\graphics</Filter>
    </ClCompile>
    <ClCompile Include="src\stb\stb_image.cpp">
      <Filter>src\stb</Filter>
    </ClCompile>
    <ClCompile Include="src\graphics\renderer.cpp">
      <Filter>src\graphics</Filter>
    </ClCompile>
    <ClCompile Include="src\world\world.cpp">
      <Filter>src\world</Filter>
    </ClCompile>
    <ClCompile Include="src\mesh_builder.cpp">
      <Filter>src</Filter>
    </ClCompile>
    <ClCompile Include="src\editor\chunk_editor.cpp">
      <Filter>src\editor</Filter>
    </ClCompile>
    <ClCompile Include="src\graphics\shaders.cpp">
      <Filter>src\graphics</Filter>
    </ClCompile>
    <ClCompile Include="src\graphics\primitives.cpp">
      <Filter>src\graphics</Filter>
    </ClCompile>
  </ItemGroup>
  <ItemGroup>
    <ClInclude Include="src\bb\bb.h">
      <Filter>src\bb</Filter>
    </ClInclude>
    <ClInclude Include="src\bb\bb_file.h">
      <Filter>src\bb</Filter>
    </ClInclude>
    <ClInclude Include="src\bb\bb_math.h">
      <Filter>src\bb</Filter>
    </ClInclude>
    <ClInclude Include="src\bb\bb_types.h">
      <Filter>src\bb</Filter>
    </ClInclude>
    <ClInclude Include="src\platform\input.h">
      <Filter>src\platform</Filter>
    </ClInclude>
    <ClInclude Include="src\platform\window.h">
      <Filter>src\platform</Filter>
    </ClInclude>
    <ClInclude Include="src\graphics\shader.h">
      <Filter>src\graphics</Filter>
    </ClInclude>
    <ClInclude Include="src\imgui\imconfig.h">
      <Filter>src\imgui</Filter>
    </ClInclude>
    <ClInclude Include="src\imgui\imgui.h">
      <Filter>src\imgui</Filter>
    </ClInclude>
    <ClInclude Include="src\imgui\imgui_impl_sdl_gl3.h">
      <Filter>src\imgui</Filter>
    </ClInclude>
    <ClInclude Include="src\imgui\imgui_internal.h">
      <Filter>src\imgui</Filter>
    </ClInclude>
    <ClInclude Include="src\imgui\stb_rect_pack.h">
      <Filter>src\imgui</Filter>
    </ClInclude>
    <ClInclude Include="src\imgui\stb_textedit.h">
      <Filter>src\imgui</Filter>
    </ClInclude>
    <ClInclude Include="src\imgui\stb_truetype.h">
      <Filter>src\imgui</Filter>
    </ClInclude>
    <ClInclude Include="src\world\transform.h">
      <Filter>src\world</Filter>
    </ClInclude>
    <ClInclude Include="src\graphics\mesh.h">
      <Filter>src\graphics</Filter>
    </ClInclude>
    <ClInclude Include="src\world\chunk.h">
      <Filter>src\world</Filter>
    </ClInclude>
    <ClInclude Include="src\graphics\texture.h">
      <Filter>src\graphics</Filter>
    </ClInclude>
    <ClInclude Include="src\stb\stb_image.h">
      <Filter>src\stb</Filter>
    </ClInclude>
    <ClInclude Include="src\stb\stb_perlin.h">
      <Filter>src\stb</Filter>
    </ClInclude>
    <ClInclude Include="src\graphics\renderer.h">
      <Filter>src\graphics</Filter>
    </ClInclude>
    <ClInclude Include="src\world\world.h">
      <Filter>src\world</Filter>
    </ClInclude>
    <ClInclude Include="src\graphics\shaders.h">
      <Filter>src\graphics</Filter>
    </ClInclude>
    <ClInclude Include="src\graphics\frustum.h">
      <Filter>src\graphics</Filter>
    </ClInclude>
    <ClInclude Include="src\bb\bb_thread.h">
      <Filter>src\bb</Filter>
    </ClInclude>
    <ClInclude Include="src\bb\bb_memory.h">
      <Filter>src\bb</Filter>
    </ClInclude>
    <ClInclude Include="src\data.h">
      <Filter>src</Filter>
    </ClInclude>
    <ClInclude Include="src\functions.h">
      <Filter>src</Filter>
    </ClInclude>
  </ItemGroup>
</Project>